
Microsoft Visual Studio Solution File, Format Version 12.00
# Visual Studio Version 16
VisualStudioVersion = 16.0.29424.173
MinimumVisualStudioVersion = 10.0.40219.1
Project("{FAE04EC0-301F-11D3-BF4B-00C04F79EFBC}") = "Task_2_DB_Test", "Task_2_DB_Test\Task_2_DB_Test.csproj", "{99CA6340-A57D-4610-B669-750D20F9381D}"
EndProject
Global
	GlobalSection(SolutionConfigurationPlatforms) = preSolution
		Debug|Any CPU = Debug|Any CPU
		Release|Any CPU = Release|Any CPU
	EndGlobalSection
	GlobalSection(ProjectConfigurationPlatforms) = postSolution
		{99CA6340-A57D-4610-B669-750D20F9381D}.Debug|Any CPU.ActiveCfg = Debug|Any CPU
		{99CA6340-A57D-4610-B669-750D20F9381D}.Debug|Any CPU.Build.0 = Debug|Any CPU
		{99CA6340-A57D-4610-B669-750D20F9381D}.Release|Any CPU.ActiveCfg = Release|Any CPU
		{99CA6340-A57D-4610-B669-750D20F9381D}.Release|Any CPU.Build.0 = Release|Any CPU
	EndGlobalSection
	GlobalSection(SolutionProperties) = preSolution
		HideSolutionNode = FALSE
	EndGlobalSection
	GlobalSection(ExtensibilityGlobals) = postSolution
		SolutionGuid = {A90E2B4E-FC4A-4E38-87E9-B98C475FA4FE}
	EndGlobalSection
EndGlobal
